
Microsoft Visual Studio Solution File, Format Version 12.00
# Visual Studio Version 16
VisualStudioVersion = 16.0.32228.343
MinimumVisualStudioVersion = 10.0.40219.1
Project("{8BC9CEB8-8B4A-11D0-8D11-00A0C91BC942}") = "EjerciciosHoja02Repetitivas", "EjerciciosHoja02Repetitivas\EjerciciosHoja02Repetitivas.vcxproj", "{79391F03-E2B8-4055-8FCF-95CD556C9B10}"
EndProject
Global
	GlobalSection(SolutionConfigurationPlatforms) = preSolution
		Debug|x64 = Debug|x64
		Debug|x86 = Debug|x86
		Release|x64 = Release|x64
		Release|x86 = Release|x86
	EndGlobalSection
	GlobalSection(ProjectConfigurationPlatforms) = postSolution
		{79391F03-E2B8-4055-8FCF-95CD556C9B10}.Debug|x64.ActiveCfg = Debug|x64
		{79391F03-E2B8-4055-8FCF-95CD556C9B10}.Debug|x64.Build.0 = Debug|x64
		{79391F03-E2B8-4055-8FCF-95CD556C9B10}.Debug|x86.ActiveCfg = Debug|Win32
		{79391F03-E2B8-4055-8FCF-95CD556C9B10}.Debug|x86.Build.0 = Debug|Win32
		{79391F03-E2B8-4055-8FCF-95CD556C9B10}.Release|x64.ActiveCfg = Release|x64
		{79391F03-E2B8-4055-8FCF-95CD556C9B10}.Release|x64.Build.0 = Release|x64
		{79391F03-E2B8-4055-8FCF-95CD556C9B10}.Release|x86.ActiveCfg = Release|Win32
		{79391F03-E2B8-4055-8FCF-95CD556C9B10}.Release|x86.Build.0 = Release|Win32
	EndGlobalSection
	GlobalSection(SolutionProperties) = preSolution
		HideSolutionNode = FALSE
	EndGlobalSection
	GlobalSection(ExtensibilityGlobals) = postSolution
		SolutionGuid = {A41F49E1-EFA8-445C-A461-E42A0543A895}
	EndGlobalSection
EndGlobal
