
Microsoft Visual Studio Solution File, Format Version 12.00
# Visual Studio Version 16
VisualStudioVersion = 16.0.32228.343
MinimumVisualStudioVersion = 10.0.40219.1
Project("{8BC9CEB8-8B4A-11D0-8D11-00A0C91BC942}") = "Ejercicio01For", "EjerciciosRepetitivas\EjerciciosRepetitivas.vcxproj", "{FED0B392-9F09-4ECF-A621-D482C04B82BA}"
EndProject
Project("{8BC9CEB8-8B4A-11D0-8D11-00A0C91BC942}") = "Ejercicio01While", "Ejercicio01While\Ejercicio01While.vcxproj", "{C069EEEA-D6B5-414E-AD99-983BFB15E80B}"
EndProject
Project("{8BC9CEB8-8B4A-11D0-8D11-00A0C91BC942}") = "Ejercicio02DoWhile", "Ejercicio02DoWhile\Ejercicio02DoWhile.vcxproj", "{113690CE-632B-4041-A448-3A5B89346880}"
EndProject
Project("{8BC9CEB8-8B4A-11D0-8D11-00A0C91BC942}") = "Ejercicio02For", "Ejercicio02For\Ejercicio02For.vcxproj", "{B1387B53-D582-4067-86BD-633824865D2E}"
EndProject
Project("{8BC9CEB8-8B4A-11D0-8D11-00A0C91BC942}") = "Ejercicio03", "Ejercicio03\Ejercicio03.vcxproj", "{B4A9CE64-74E5-44ED-A337-490B569B0B8E}"
EndProject
Project("{8BC9CEB8-8B4A-11D0-8D11-00A0C91BC942}") = "Ejercicio04", "Ejercicio04\Ejercicio04.vcxproj", "{F1CA3D00-C04F-4426-987E-D9A27E262D7A}"
EndProject
Project("{8BC9CEB8-8B4A-11D0-8D11-00A0C91BC942}") = "Ejercicio05", "Ejercicio5\Ejercicio5.vcxproj", "{841C9363-A04F-4A08-9A74-175D9851B701}"
EndProject
Project("{8BC9CEB8-8B4A-11D0-8D11-00A0C91BC942}") = "Ejercicio06", "Ejercicio06\Ejercicio06.vcxproj", "{C700E4D9-D401-447D-9EFA-A8288EB0BFAC}"
EndProject
Project("{8BC9CEB8-8B4A-11D0-8D11-00A0C91BC942}") = "Ejercicio07", "Ejercicio07\Ejercicio07.vcxproj", "{2EFA824C-BF7E-4BB0-A424-39E486E38021}"
EndProject
Project("{8BC9CEB8-8B4A-11D0-8D11-00A0C91BC942}") = "Ejercicio08", "Ejercicio08\Ejercicio08.vcxproj", "{65DDED42-4BD3-4B66-8885-7EA3C56E3EF0}"
EndProject
Project("{8BC9CEB8-8B4A-11D0-8D11-00A0C91BC942}") = "Ejercicio09", "Ejercicio09\Ejercicio09.vcxproj", "{62770BCC-2472-45CC-9327-D1C681ED0107}"
EndProject
Project("{8BC9CEB8-8B4A-11D0-8D11-00A0C91BC942}") = "Ejercicio11", "Ejercicio11\Ejercicio11.vcxproj", "{AEA0BE34-B485-49F6-9AC9-A3271B0FA7F5}"
EndProject
Project("{8BC9CEB8-8B4A-11D0-8D11-00A0C91BC942}") = "Ejercicio12", "Ejercicio12\Ejercicio12.vcxproj", "{EDDF444E-AA02-4BF7-97C3-CE4B8F7660AB}"
EndProject
Project("{8BC9CEB8-8B4A-11D0-8D11-00A0C91BC942}") = "Ejercicio10", "Ejercicio10\Ejercicio10.vcxproj", "{E2BE547B-1BF1-499D-8F13-D44DA941C165}"
EndProject
Project("{8BC9CEB8-8B4A-11D0-8D11-00A0C91BC942}") = "Ejercicio16", "Ejercicio16\Ejercicio16.vcxproj", "{24F523F6-2B72-446F-93C7-B4ED7EBA3DE6}"
EndProject
Project("{8BC9CEB8-8B4A-11D0-8D11-00A0C91BC942}") = "Ejercicio14", "Ejercicio14\Ejercicio14.vcxproj", "{C7D05465-2B72-45A2-BA53-A7F61CE0F93B}"
EndProject
Project("{8BC9CEB8-8B4A-11D0-8D11-00A0C91BC942}") = "Ejercicio15", "Ejercicio15\Ejercicio15.vcxproj", "{75F21E73-16E6-4324-8444-633AF8C50FED}"
EndProject
Global
	GlobalSection(SolutionConfigurationPlatforms) = preSolution
		Debug|x64 = Debug|x64
		Debug|x86 = Debug|x86
		Release|x64 = Release|x64
		Release|x86 = Release|x86
	EndGlobalSection
	GlobalSection(ProjectConfigurationPlatforms) = postSolution
		{FED0B392-9F09-4ECF-A621-D482C04B82BA}.Debug|x64.ActiveCfg = Debug|x64
		{FED0B392-9F09-4ECF-A621-D482C04B82BA}.Debug|x64.Build.0 = Debug|x64
		{FED0B392-9F09-4ECF-A621-D482C04B82BA}.Debug|x86.ActiveCfg = Debug|Win32
		{FED0B392-9F09-4ECF-A621-D482C04B82BA}.Debug|x86.Build.0 = Debug|Win32
		{FED0B392-9F09-4ECF-A621-D482C04B82BA}.Release|x64.ActiveCfg = Release|x64
		{FED0B392-9F09-4ECF-A621-D482C04B82BA}.Release|x64.Build.0 = Release|x64
		{FED0B392-9F09-4ECF-A621-D482C04B82BA}.Release|x86.ActiveCfg = Release|Win32
		{FED0B392-9F09-4ECF-A621-D482C04B82BA}.Release|x86.Build.0 = Release|Win32
		{C069EEEA-D6B5-414E-AD99-983BFB15E80B}.Debug|x64.ActiveCfg = Debug|x64
		{C069EEEA-D6B5-414E-AD99-983BFB15E80B}.Debug|x64.Build.0 = Debug|x64
		{C069EEEA-D6B5-414E-AD99-983BFB15E80B}.Debug|x86.ActiveCfg = Debug|Win32
		{C069EEEA-D6B5-414E-AD99-983BFB15E80B}.Debug|x86.Build.0 = Debug|Win32
		{C069EEEA-D6B5-414E-AD99-983BFB15E80B}.Release|x64.ActiveCfg = Release|x64
		{C069EEEA-D6B5-414E-AD99-983BFB15E80B}.Release|x64.Build.0 = Release|x64
		{C069EEEA-D6B5-414E-AD99-983BFB15E80B}.Release|x86.ActiveCfg = Release|Win32
		{C069EEEA-D6B5-414E-AD99-983BFB15E80B}.Release|x86.Build.0 = Release|Win32
		{113690CE-632B-4041-A448-3A5B89346880}.Debug|x64.ActiveCfg = Debug|x64
		{113690CE-632B-4041-A448-3A5B89346880}.Debug|x64.Build.0 = Debug|x64
		{113690CE-632B-4041-A448-3A5B89346880}.Debug|x86.ActiveCfg = Debug|Win32
		{113690CE-632B-4041-A448-3A5B89346880}.Debug|x86.Build.0 = Debug|Win32
		{113690CE-632B-4041-A448-3A5B89346880}.Release|x64.ActiveCfg = Release|x64
		{113690CE-632B-4041-A448-3A5B89346880}.Release|x64.Build.0 = Release|x64
		{113690CE-632B-4041-A448-3A5B89346880}.Release|x86.ActiveCfg = Release|Win32
		{113690CE-632B-4041-A448-3A5B89346880}.Release|x86.Build.0 = Release|Win32
		{B1387B53-D582-4067-86BD-633824865D2E}.Debug|x64.ActiveCfg = Debug|x64
		{B1387B53-D582-4067-86BD-633824865D2E}.Debug|x64.Build.0 = Debug|x64
		{B1387B53-D582-4067-86BD-633824865D2E}.Debug|x86.ActiveCfg = Debug|Win32
		{B1387B53-D582-4067-86BD-633824865D2E}.Debug|x86.Build.0 = Debug|Win32
		{B1387B53-D582-4067-86BD-633824865D2E}.Release|x64.ActiveCfg = Release|x64
		{B1387B53-D582-4067-86BD-633824865D2E}.Release|x64.Build.0 = Release|x64
		{B1387B53-D582-4067-86BD-633824865D2E}.Release|x86.ActiveCfg = Release|Win32
		{B1387B53-D582-4067-86BD-633824865D2E}.Release|x86.Build.0 = Release|Win32
		{B4A9CE64-74E5-44ED-A337-490B569B0B8E}.Debug|x64.ActiveCfg = Debug|x64
		{B4A9CE64-74E5-44ED-A337-490B569B0B8E}.Debug|x64.Build.0 = Debug|x64
		{B4A9CE64-74E5-44ED-A337-490B569B0B8E}.Debug|x86.ActiveCfg = Debug|Win32
		{B4A9CE64-74E5-44ED-A337-490B569B0B8E}.Debug|x86.Build.0 = Debug|Win32
		{B4A9CE64-74E5-44ED-A337-490B569B0B8E}.Release|x64.ActiveCfg = Release|x64
		{B4A9CE64-74E5-44ED-A337-490B569B0B8E}.Release|x64.Build.0 = Release|x64
		{B4A9CE64-74E5-44ED-A337-490B569B0B8E}.Release|x86.ActiveCfg = Release|Win32
		{B4A9CE64-74E5-44ED-A337-490B569B0B8E}.Release|x86.Build.0 = Release|Win32
		{F1CA3D00-C04F-4426-987E-D9A27E262D7A}.Debug|x64.ActiveCfg = Debug|x64
		{F1CA3D00-C04F-4426-987E-D9A27E262D7A}.Debug|x64.Build.0 = Debug|x64
		{F1CA3D00-C04F-4426-987E-D9A27E262D7A}.Debug|x86.ActiveCfg = Debug|Win32
		{F1CA3D00-C04F-4426-987E-D9A27E262D7A}.Debug|x86.Build.0 = Debug|Win32
		{F1CA3D00-C04F-4426-987E-D9A27E262D7A}.Release|x64.ActiveCfg = Release|x64
		{F1CA3D00-C04F-4426-987E-D9A27E262D7A}.Release|x64.Build.0 = Release|x64
		{F1CA3D00-C04F-4426-987E-D9A27E262D7A}.Release|x86.ActiveCfg = Release|Win32
		{F1CA3D00-C04F-4426-987E-D9A27E262D7A}.Release|x86.Build.0 = Release|Win32
		{841C9363-A04F-4A08-9A74-175D9851B701}.Debug|x64.ActiveCfg = Debug|x64
		{841C9363-A04F-4A08-9A74-175D9851B701}.Debug|x64.Build.0 = Debug|x64
		{841C9363-A04F-4A08-9A74-175D9851B701}.Debug|x86.ActiveCfg = Debug|Win32
		{841C9363-A04F-4A08-9A74-175D9851B701}.Debug|x86.Build.0 = Debug|Win32
		{841C9363-A04F-4A08-9A74-175D9851B701}.Release|x64.ActiveCfg = Release|x64
		{841C9363-A04F-4A08-9A74-175D9851B701}.Release|x64.Build.0 = Release|x64
		{841C9363-A04F-4A08-9A74-175D9851B701}.Release|x86.ActiveCfg = Release|Win32
		{841C9363-A04F-4A08-9A74-175D9851B701}.Release|x86.Build.0 = Release|Win32
		{C700E4D9-D401-447D-9EFA-A8288EB0BFAC}.Debug|x64.ActiveCfg = Debug|x64
		{C700E4D9-D401-447D-9EFA-A8288EB0BFAC}.Debug|x64.Build.0 = Debug|x64
		{C700E4D9-D401-447D-9EFA-A8288EB0BFAC}.Debug|x86.ActiveCfg = Debug|Win32
		{C700E4D9-D401-447D-9EFA-A8288EB0BFAC}.Debug|x86.Build.0 = Debug|Win32
		{C700E4D9-D401-447D-9EFA-A8288EB0BFAC}.Release|x64.ActiveCfg = Release|x64
		{C700E4D9-D401-447D-9EFA-A8288EB0BFAC}.Release|x64.Build.0 = Release|x64
		{C700E4D9-D401-447D-9EFA-A8288EB0BFAC}.Release|x86.ActiveCfg = Release|Win32
		{C700E4D9-D401-447D-9EFA-A8288EB0BFAC}.Release|x86.Build.0 = Release|Win32
		{2EFA824C-BF7E-4BB0-A424-39E486E38021}.Debug|x64.ActiveCfg = Debug|x64
		{2EFA824C-BF7E-4BB0-A424-39E486E38021}.Debug|x64.Build.0 = Debug|x64
		{2EFA824C-BF7E-4BB0-A424-39E486E38021}.Debug|x86.ActiveCfg = Debug|Win32
		{2EFA824C-BF7E-4BB0-A424-39E486E38021}.Debug|x86.Build.0 = Debug|Win32
		{2EFA824C-BF7E-4BB0-A424-39E486E38021}.Release|x64.ActiveCfg = Release|x64
		{2EFA824C-BF7E-4BB0-A424-39E486E38021}.Release|x64.Build.0 = Release|x64
		{2EFA824C-BF7E-4BB0-A424-39E486E38021}.Release|x86.ActiveCfg = Release|Win32
		{2EFA824C-BF7E-4BB0-A424-39E486E38021}.Release|x86.Build.0 = Release|Win32
		{65DDED42-4BD3-4B66-8885-7EA3C56E3EF0}.Debug|x64.ActiveCfg = Debug|x64
		{65DDED42-4BD3-4B66-8885-7EA3C56E3EF0}.Debug|x64.Build.0 = Debug|x64
		{65DDED42-4BD3-4B66-8885-7EA3C56E3EF0}.Debug|x86.ActiveCfg = Debug|Win32
		{65DDED42-4BD3-4B66-8885-7EA3C56E3EF0}.Debug|x86.Build.0 = Debug|Win32
		{65DDED42-4BD3-4B66-8885-7EA3C56E3EF0}.Release|x64.ActiveCfg = Release|x64
		{65DDED42-4BD3-4B66-8885-7EA3C56E3EF0}.Release|x64.Build.0 = Release|x64
		{65DDED42-4BD3-4B66-8885-7EA3C56E3EF0}.Release|x86.ActiveCfg = Release|Win32
		{65DDED42-4BD3-4B66-8885-7EA3C56E3EF0}.Release|x86.Build.0 = Release|Win32
		{62770BCC-2472-45CC-9327-D1C681ED0107}.Debug|x64.ActiveCfg = Debug|x64
		{62770BCC-2472-45CC-9327-D1C681ED0107}.Debug|x64.Build.0 = Debug|x64
		{62770BCC-2472-45CC-9327-D1C681ED0107}.Debug|x86.ActiveCfg = Debug|Win32
		{62770BCC-2472-45CC-9327-D1C681ED0107}.Debug|x86.Build.0 = Debug|Win32
		{62770BCC-2472-45CC-9327-D1C681ED0107}.Release|x64.ActiveCfg = Release|x64
		{62770BCC-2472-45CC-9327-D1C681ED0107}.Release|x64.Build.0 = Release|x64
		{62770BCC-2472-45CC-9327-D1C681ED0107}.Release|x86.ActiveCfg = Release|Win32
		{62770BCC-2472-45CC-9327-D1C681ED0107}.Release|x86.Build.0 = Release|Win32
		{AEA0BE34-B485-49F6-9AC9-A3271B0FA7F5}.Debug|x64.ActiveCfg = Debug|x64
		{AEA0BE34-B485-49F6-9AC9-A3271B0FA7F5}.Debug|x64.Build.0 = Debug|x64
		{AEA0BE34-B485-49F6-9AC9-A3271B0FA7F5}.Debug|x86.ActiveCfg = Debug|Win32
		{AEA0BE34-B485-49F6-9AC9-A3271B0FA7F5}.Debug|x86.Build.0 = Debug|Win32
		{AEA0BE34-B485-49F6-9AC9-A3271B0FA7F5}.Release|x64.ActiveCfg = Release|x64
		{AEA0BE34-B485-49F6-9AC9-A3271B0FA7F5}.Release|x64.Build.0 = Release|x64
		{AEA0BE34-B485-49F6-9AC9-A3271B0FA7F5}.Release|x86.ActiveCfg = Release|Win32
		{AEA0BE34-B485-49F6-9AC9-A3271B0FA7F5}.Release|x86.Build.0 = Release|Win32
		{EDDF444E-AA02-4BF7-97C3-CE4B8F7660AB}.Debug|x64.ActiveCfg = Debug|x64
		{EDDF444E-AA02-4BF7-97C3-CE4B8F7660AB}.Debug|x64.Build.0 = Debug|x64
		{EDDF444E-AA02-4BF7-97C3-CE4B8F7660AB}.Debug|x86.ActiveCfg = Debug|Win32
		{EDDF444E-AA02-4BF7-97C3-CE4B8F7660AB}.Debug|x86.Build.0 = Debug|Win32
		{EDDF444E-AA02-4BF7-97C3-CE4B8F7660AB}.Release|x64.ActiveCfg = Release|x64
		{EDDF444E-AA02-4BF7-97C3-CE4B8F7660AB}.Release|x64.Build.0 = Release|x64
		{EDDF444E-AA02-4BF7-97C3-CE4B8F7660AB}.Release|x86.ActiveCfg = Release|Win32
		{EDDF444E-AA02-4BF7-97C3-CE4B8F7660AB}.Release|x86.Build.0 = Release|Win32
		{E2BE547B-1BF1-499D-8F13-D44DA941C165}.Debug|x64.ActiveCfg = Debug|x64
		{E2BE547B-1BF1-499D-8F13-D44DA941C165}.Debug|x64.Build.0 = Debug|x64
		{E2BE547B-1BF1-499D-8F13-D44DA941C165}.Debug|x86.ActiveCfg = Debug|Win32
		{E2BE547B-1BF1-499D-8F13-D44DA941C165}.Debug|x86.Build.0 = Debug|Win32
		{E2BE547B-1BF1-499D-8F13-D44DA941C165}.Release|x64.ActiveCfg = Release|x64
		{E2BE547B-1BF1-499D-8F13-D44DA941C165}.Release|x64.Build.0 = Release|x64
		{E2BE547B-1BF1-499D-8F13-D44DA941C165}.Release|x86.ActiveCfg = Release|Win32
		{E2BE547B-1BF1-499D-8F13-D44DA941C165}.Release|x86.Build.0 = Release|Win32
		{24F523F6-2B72-446F-93C7-B4ED7EBA3DE6}.Debug|x64.ActiveCfg = Debug|x64
		{24F523F6-2B72-446F-93C7-B4ED7EBA3DE6}.Debug|x64.Build.0 = Debug|x64
		{24F523F6-2B72-446F-93C7-B4ED7EBA3DE6}.Debug|x86.ActiveCfg = Debug|Win32
		{24F523F6-2B72-446F-93C7-B4ED7EBA3DE6}.Debug|x86.Build.0 = Debug|Win32
		{24F523F6-2B72-446F-93C7-B4ED7EBA3DE6}.Release|x64.ActiveCfg = Release|x64
		{24F523F6-2B72-446F-93C7-B4ED7EBA3DE6}.Release|x64.Build.0 = Release|x64
		{24F523F6-2B72-446F-93C7-B4ED7EBA3DE6}.Release|x86.ActiveCfg = Release|Win32
		{24F523F6-2B72-446F-93C7-B4ED7EBA3DE6}.Release|x86.Build.0 = Release|Win32
		{C7D05465-2B72-45A2-BA53-A7F61CE0F93B}.Debug|x64.ActiveCfg = Debug|x64
		{C7D05465-2B72-45A2-BA53-A7F61CE0F93B}.Debug|x64.Build.0 = Debug|x64
		{C7D05465-2B72-45A2-BA53-A7F61CE0F93B}.Debug|x86.ActiveCfg = Debug|Win32
		{C7D05465-2B72-45A2-BA53-A7F61CE0F93B}.Debug|x86.Build.0 = Debug|Win32
		{C7D05465-2B72-45A2-BA53-A7F61CE0F93B}.Release|x64.ActiveCfg = Release|x64
		{C7D05465-2B72-45A2-BA53-A7F61CE0F93B}.Release|x64.Build.0 = Release|x64
		{C7D05465-2B72-45A2-BA53-A7F61CE0F93B}.Release|x86.ActiveCfg = Release|Win32
		{C7D05465-2B72-45A2-BA53-A7F61CE0F93B}.Release|x86.Build.0 = Release|Win32
		{75F21E73-16E6-4324-8444-633AF8C50FED}.Debug|x64.ActiveCfg = Debug|x64
		{75F21E73-16E6-4324-8444-633AF8C50FED}.Debug|x64.Build.0 = Debug|x64
		{75F21E73-16E6-4324-8444-633AF8C50FED}.Debug|x86.ActiveCfg = Debug|Win32
		{75F21E73-16E6-4324-8444-633AF8C50FED}.Debug|x86.Build.0 = Debug|Win32
		{75F21E73-16E6-4324-8444-633AF8C50FED}.Release|x64.ActiveCfg = Release|x64
		{75F21E73-16E6-4324-8444-633AF8C50FED}.Release|x64.Build.0 = Release|x64
		{75F21E73-16E6-4324-8444-633AF8C50FED}.Release|x86.ActiveCfg = Release|Win32
		{75F21E73-16E6-4324-8444-633AF8C50FED}.Release|x86.Build.0 = Release|Win32
	EndGlobalSection
	GlobalSection(SolutionProperties) = preSolution
		HideSolutionNode = FALSE
	EndGlobalSection
	GlobalSection(ExtensibilityGlobals) = postSolution
		SolutionGuid = {A5B8AA2B-85FE-4538-9685-7A99C9048B3D}
	EndGlobalSection
EndGlobal
