
Microsoft Visual Studio Solution File, Format Version 12.00
# Visual Studio Version 16
VisualStudioVersion = 16.0.32228.343
MinimumVisualStudioVersion = 10.0.40219.1
Project("{8BC9CEB8-8B4A-11D0-8D11-00A0C91BC942}") = "Hoja04Ejercicio01", "Hoja04Ejercicio01\Hoja04Ejercicio01.vcxproj", "{59F60213-C168-4BB4-8D3F-4CF83EBF5FFC}"
EndProject
Project("{8BC9CEB8-8B4A-11D0-8D11-00A0C91BC942}") = "Hoja04Ejercicio02", "Hoja04Ejercicio02\Hoja04Ejercicio02.vcxproj", "{A351B24A-95BD-441E-BEC1-B9C42DCE9186}"
EndProject
Global
	GlobalSection(SolutionConfigurationPlatforms) = preSolution
		Debug|x64 = Debug|x64
		Debug|x86 = Debug|x86
		Release|x64 = Release|x64
		Release|x86 = Release|x86
	EndGlobalSection
	GlobalSection(ProjectConfigurationPlatforms) = postSolution
		{59F60213-C168-4BB4-8D3F-4CF83EBF5FFC}.Debug|x64.ActiveCfg = Debug|x64
		{59F60213-C168-4BB4-8D3F-4CF83EBF5FFC}.Debug|x64.Build.0 = Debug|x64
		{59F60213-C168-4BB4-8D3F-4CF83EBF5FFC}.Debug|x86.ActiveCfg = Debug|Win32
		{59F60213-C168-4BB4-8D3F-4CF83EBF5FFC}.Debug|x86.Build.0 = Debug|Win32
		{59F60213-C168-4BB4-8D3F-4CF83EBF5FFC}.Release|x64.ActiveCfg = Release|x64
		{59F60213-C168-4BB4-8D3F-4CF83EBF5FFC}.Release|x64.Build.0 = Release|x64
		{59F60213-C168-4BB4-8D3F-4CF83EBF5FFC}.Release|x86.ActiveCfg = Release|Win32
		{59F60213-C168-4BB4-8D3F-4CF83EBF5FFC}.Release|x86.Build.0 = Release|Win32
		{A351B24A-95BD-441E-BEC1-B9C42DCE9186}.Debug|x64.ActiveCfg = Debug|x64
		{A351B24A-95BD-441E-BEC1-B9C42DCE9186}.Debug|x64.Build.0 = Debug|x64
		{A351B24A-95BD-441E-BEC1-B9C42DCE9186}.Debug|x86.ActiveCfg = Debug|Win32
		{A351B24A-95BD-441E-BEC1-B9C42DCE9186}.Debug|x86.Build.0 = Debug|Win32
		{A351B24A-95BD-441E-BEC1-B9C42DCE9186}.Release|x64.ActiveCfg = Release|x64
		{A351B24A-95BD-441E-BEC1-B9C42DCE9186}.Release|x64.Build.0 = Release|x64
		{A351B24A-95BD-441E-BEC1-B9C42DCE9186}.Release|x86.ActiveCfg = Release|Win32
		{A351B24A-95BD-441E-BEC1-B9C42DCE9186}.Release|x86.Build.0 = Release|Win32
	EndGlobalSection
	GlobalSection(SolutionProperties) = preSolution
		HideSolutionNode = FALSE
	EndGlobalSection
	GlobalSection(ExtensibilityGlobals) = postSolution
		SolutionGuid = {2FE6C849-01FC-411A-ADA1-752CADC7A22A}
	EndGlobalSection
EndGlobal
