
Microsoft Visual Studio Solution File, Format Version 12.00
# Visual Studio Version 16
VisualStudioVersion = 16.0.32228.343
MinimumVisualStudioVersion = 10.0.40219.1
Project("{8BC9CEB8-8B4A-11D0-8D11-00A0C91BC942}") = "Hoja01PuntosyFunciones", "Hoja01PuntosyFunciones\Hoja01PuntosyFunciones.vcxproj", "{9957149D-0912-4D93-A4E1-CFF4F7D88E21}"
EndProject
Project("{8BC9CEB8-8B4A-11D0-8D11-00A0C91BC942}") = "Ejercicio07", "Ejercicio07\Ejercicio07.vcxproj", "{D0E2ED9B-D659-419B-ADCC-5D3B29011C46}"
EndProject
Project("{8BC9CEB8-8B4A-11D0-8D11-00A0C91BC942}") = "Ejercicio09", "Ejercicio09\Ejercicio09.vcxproj", "{C3AF4DA9-538A-4FB8-B75B-284B7ED8E27D}"
EndProject
Project("{8BC9CEB8-8B4A-11D0-8D11-00A0C91BC942}") = "Ejercicio11", "Ejercicio11\Ejercicio11.vcxproj", "{5088E1A0-C5B4-4953-BD57-62BDC122D2C7}"
EndProject
Project("{8BC9CEB8-8B4A-11D0-8D11-00A0C91BC942}") = "Ejercicio12", "Ejercicio12\Ejercicio12.vcxproj", "{86437924-E096-4792-8EF2-7D9CCBD940E9}"
EndProject
Project("{8BC9CEB8-8B4A-11D0-8D11-00A0C91BC942}") = "Ejercicio08", "Ejercicio08\Ejercicio08.vcxproj", "{81ACE693-7BA9-4192-9A6F-4ACE90E55290}"
EndProject
Project("{8BC9CEB8-8B4A-11D0-8D11-00A0C91BC942}") = "Ejercicio13", "Ejercicio13\Ejercicio13.vcxproj", "{C0214208-0EBD-462B-BC7D-97EBF6CF405C}"
EndProject
Project("{8BC9CEB8-8B4A-11D0-8D11-00A0C91BC942}") = "Ejercicio14", "Hoja14\Hoja14.vcxproj", "{90F0A665-0D79-4F63-8BD1-A5C9D89A66BD}"
EndProject
Project("{8BC9CEB8-8B4A-11D0-8D11-00A0C91BC942}") = "Ejercicio15", "Ejercicio15\Ejercicio15.vcxproj", "{583C431C-E97D-4806-AC4C-E4E0FD7CE78B}"
EndProject
Project("{8BC9CEB8-8B4A-11D0-8D11-00A0C91BC942}") = "Ejercicio17", "Ejercicio17\Ejercicio17.vcxproj", "{8D1ABB4A-BE49-4AC9-BFD3-FA225EDBE697}"
EndProject
Project("{8BC9CEB8-8B4A-11D0-8D11-00A0C91BC942}") = "Ejercicio18", "Ejercicio18\Ejercicio18.vcxproj", "{428CD529-E628-4095-9732-AD4610341CE2}"
EndProject
Project("{8BC9CEB8-8B4A-11D0-8D11-00A0C91BC942}") = "Ejercicio19", "Ejercicio19\Ejercicio19.vcxproj", "{5505E1B5-9091-43CC-80D0-DBE35D8E76E5}"
EndProject
Project("{8BC9CEB8-8B4A-11D0-8D11-00A0C91BC942}") = "Ejercicio20", "Ejercicio20\Ejercicio20.vcxproj", "{75E4C1D4-FE7F-4A50-A5E4-E7B4207FFB1E}"
EndProject
Project("{8BC9CEB8-8B4A-11D0-8D11-00A0C91BC942}") = "Ejercicio23", "Ejercicio23\Ejercicio23.vcxproj", "{4AA724A7-5B60-4683-BD9C-FA0B46F817A1}"
EndProject
Project("{8BC9CEB8-8B4A-11D0-8D11-00A0C91BC942}") = "Ejercicio25", "Ejercicio25\Ejercicio25.vcxproj", "{0E5EE635-5487-4990-9021-C565E68F8781}"
EndProject
Project("{8BC9CEB8-8B4A-11D0-8D11-00A0C91BC942}") = "Ejercicio27", "Ejercicio27\Ejercicio27.vcxproj", "{5108EE9A-D48A-4C00-B8B4-1A4D7BB058DF}"
EndProject
Project("{8BC9CEB8-8B4A-11D0-8D11-00A0C91BC942}") = "Ejercicio28", "Ejercicio28\Ejercicio28.vcxproj", "{FA3DA1E4-6CA7-496F-A193-A8BAA0B1D8FE}"
EndProject
Project("{8BC9CEB8-8B4A-11D0-8D11-00A0C91BC942}") = "Ejercicio29", "Ejercicio29\Ejercicio29.vcxproj", "{EDBDE2B4-9142-4E2D-99CC-8ED57EA780F3}"
EndProject
Project("{8BC9CEB8-8B4A-11D0-8D11-00A0C91BC942}") = "Ejercicio41", "Ejercicio41\Ejercicio41.vcxproj", "{2C5FD52E-1557-4607-B4A0-06B02C887A94}"
EndProject
Project("{8BC9CEB8-8B4A-11D0-8D11-00A0C91BC942}") = "Ejercicio30", "Ejercicio30\Ejercicio30.vcxproj", "{7562C518-D9BE-4743-A8B8-76D11750F0CE}"
EndProject
Project("{8BC9CEB8-8B4A-11D0-8D11-00A0C91BC942}") = "Ejercicio31", "Ejercicio31\Ejercicio31.vcxproj", "{07CAA13B-3BA9-4BA3-8F4A-CB7EC560E80A}"
EndProject
Project("{8BC9CEB8-8B4A-11D0-8D11-00A0C91BC942}") = "Ejercicio32", "Ejercicio32\Ejercicio32.vcxproj", "{E1A9E40D-A8C5-4BD1-A5B8-6F5320E61387}"
EndProject
Project("{8BC9CEB8-8B4A-11D0-8D11-00A0C91BC942}") = "Ejercicio33", "Ejercicio33\Ejercicio33.vcxproj", "{2C5FAB6A-8F06-4A76-B67F-91D72203DFBE}"
EndProject
Project("{8BC9CEB8-8B4A-11D0-8D11-00A0C91BC942}") = "Ejercicio34", "Ejercicio34\Ejercicio34.vcxproj", "{7A9A2A9B-75A0-498D-83F9-18E6E2DD1AAC}"
EndProject
Project("{8BC9CEB8-8B4A-11D0-8D11-00A0C91BC942}") = "Ejercicio36", "Ejercicio36\Ejercicio36.vcxproj", "{F6BA4CD4-C4A6-4827-9688-2E1B74D76D43}"
EndProject
Project("{8BC9CEB8-8B4A-11D0-8D11-00A0C91BC942}") = "Ejercicio39", "Ejercicio39\Ejercicio39.vcxproj", "{F0560D35-FDD5-46A8-B4D3-CD6F68D2B4BF}"
EndProject
Project("{8BC9CEB8-8B4A-11D0-8D11-00A0C91BC942}") = "Ejercicio40", "Ejercicio40\Ejercicio40.vcxproj", "{4B43B254-8B6E-4B90-920D-777576AE18E6}"
EndProject
Global
	GlobalSection(SolutionConfigurationPlatforms) = preSolution
		Debug|x64 = Debug|x64
		Debug|x86 = Debug|x86
		Release|x64 = Release|x64
		Release|x86 = Release|x86
	EndGlobalSection
	GlobalSection(ProjectConfigurationPlatforms) = postSolution
		{9957149D-0912-4D93-A4E1-CFF4F7D88E21}.Debug|x64.ActiveCfg = Debug|x64
		{9957149D-0912-4D93-A4E1-CFF4F7D88E21}.Debug|x64.Build.0 = Debug|x64
		{9957149D-0912-4D93-A4E1-CFF4F7D88E21}.Debug|x86.ActiveCfg = Debug|Win32
		{9957149D-0912-4D93-A4E1-CFF4F7D88E21}.Debug|x86.Build.0 = Debug|Win32
		{9957149D-0912-4D93-A4E1-CFF4F7D88E21}.Release|x64.ActiveCfg = Release|x64
		{9957149D-0912-4D93-A4E1-CFF4F7D88E21}.Release|x64.Build.0 = Release|x64
		{9957149D-0912-4D93-A4E1-CFF4F7D88E21}.Release|x86.ActiveCfg = Release|Win32
		{9957149D-0912-4D93-A4E1-CFF4F7D88E21}.Release|x86.Build.0 = Release|Win32
		{D0E2ED9B-D659-419B-ADCC-5D3B29011C46}.Debug|x64.ActiveCfg = Debug|x64
		{D0E2ED9B-D659-419B-ADCC-5D3B29011C46}.Debug|x64.Build.0 = Debug|x64
		{D0E2ED9B-D659-419B-ADCC-5D3B29011C46}.Debug|x86.ActiveCfg = Debug|Win32
		{D0E2ED9B-D659-419B-ADCC-5D3B29011C46}.Debug|x86.Build.0 = Debug|Win32
		{D0E2ED9B-D659-419B-ADCC-5D3B29011C46}.Release|x64.ActiveCfg = Release|x64
		{D0E2ED9B-D659-419B-ADCC-5D3B29011C46}.Release|x64.Build.0 = Release|x64
		{D0E2ED9B-D659-419B-ADCC-5D3B29011C46}.Release|x86.ActiveCfg = Release|Win32
		{D0E2ED9B-D659-419B-ADCC-5D3B29011C46}.Release|x86.Build.0 = Release|Win32
		{C3AF4DA9-538A-4FB8-B75B-284B7ED8E27D}.Debug|x64.ActiveCfg = Debug|x64
		{C3AF4DA9-538A-4FB8-B75B-284B7ED8E27D}.Debug|x64.Build.0 = Debug|x64
		{C3AF4DA9-538A-4FB8-B75B-284B7ED8E27D}.Debug|x86.ActiveCfg = Debug|Win32
		{C3AF4DA9-538A-4FB8-B75B-284B7ED8E27D}.Debug|x86.Build.0 = Debug|Win32
		{C3AF4DA9-538A-4FB8-B75B-284B7ED8E27D}.Release|x64.ActiveCfg = Release|x64
		{C3AF4DA9-538A-4FB8-B75B-284B7ED8E27D}.Release|x64.Build.0 = Release|x64
		{C3AF4DA9-538A-4FB8-B75B-284B7ED8E27D}.Release|x86.ActiveCfg = Release|Win32
		{C3AF4DA9-538A-4FB8-B75B-284B7ED8E27D}.Release|x86.Build.0 = Release|Win32
		{5088E1A0-C5B4-4953-BD57-62BDC122D2C7}.Debug|x64.ActiveCfg = Debug|x64
		{5088E1A0-C5B4-4953-BD57-62BDC122D2C7}.Debug|x64.Build.0 = Debug|x64
		{5088E1A0-C5B4-4953-BD57-62BDC122D2C7}.Debug|x86.ActiveCfg = Debug|Win32
		{5088E1A0-C5B4-4953-BD57-62BDC122D2C7}.Debug|x86.Build.0 = Debug|Win32
		{5088E1A0-C5B4-4953-BD57-62BDC122D2C7}.Release|x64.ActiveCfg = Release|x64
		{5088E1A0-C5B4-4953-BD57-62BDC122D2C7}.Release|x64.Build.0 = Release|x64
		{5088E1A0-C5B4-4953-BD57-62BDC122D2C7}.Release|x86.ActiveCfg = Release|Win32
		{5088E1A0-C5B4-4953-BD57-62BDC122D2C7}.Release|x86.Build.0 = Release|Win32
		{86437924-E096-4792-8EF2-7D9CCBD940E9}.Debug|x64.ActiveCfg = Debug|x64
		{86437924-E096-4792-8EF2-7D9CCBD940E9}.Debug|x64.Build.0 = Debug|x64
		{86437924-E096-4792-8EF2-7D9CCBD940E9}.Debug|x86.ActiveCfg = Debug|Win32
		{86437924-E096-4792-8EF2-7D9CCBD940E9}.Debug|x86.Build.0 = Debug|Win32
		{86437924-E096-4792-8EF2-7D9CCBD940E9}.Release|x64.ActiveCfg = Release|x64
		{86437924-E096-4792-8EF2-7D9CCBD940E9}.Release|x64.Build.0 = Release|x64
		{86437924-E096-4792-8EF2-7D9CCBD940E9}.Release|x86.ActiveCfg = Release|Win32
		{86437924-E096-4792-8EF2-7D9CCBD940E9}.Release|x86.Build.0 = Release|Win32
		{81ACE693-7BA9-4192-9A6F-4ACE90E55290}.Debug|x64.ActiveCfg = Debug|x64
		{81ACE693-7BA9-4192-9A6F-4ACE90E55290}.Debug|x64.Build.0 = Debug|x64
		{81ACE693-7BA9-4192-9A6F-4ACE90E55290}.Debug|x86.ActiveCfg = Debug|Win32
		{81ACE693-7BA9-4192-9A6F-4ACE90E55290}.Debug|x86.Build.0 = Debug|Win32
		{81ACE693-7BA9-4192-9A6F-4ACE90E55290}.Release|x64.ActiveCfg = Release|x64
		{81ACE693-7BA9-4192-9A6F-4ACE90E55290}.Release|x64.Build.0 = Release|x64
		{81ACE693-7BA9-4192-9A6F-4ACE90E55290}.Release|x86.ActiveCfg = Release|Win32
		{81ACE693-7BA9-4192-9A6F-4ACE90E55290}.Release|x86.Build.0 = Release|Win32
		{C0214208-0EBD-462B-BC7D-97EBF6CF405C}.Debug|x64.ActiveCfg = Debug|x64
		{C0214208-0EBD-462B-BC7D-97EBF6CF405C}.Debug|x64.Build.0 = Debug|x64
		{C0214208-0EBD-462B-BC7D-97EBF6CF405C}.Debug|x86.ActiveCfg = Debug|Win32
		{C0214208-0EBD-462B-BC7D-97EBF6CF405C}.Debug|x86.Build.0 = Debug|Win32
		{C0214208-0EBD-462B-BC7D-97EBF6CF405C}.Release|x64.ActiveCfg = Release|x64
		{C0214208-0EBD-462B-BC7D-97EBF6CF405C}.Release|x64.Build.0 = Release|x64
		{C0214208-0EBD-462B-BC7D-97EBF6CF405C}.Release|x86.ActiveCfg = Release|Win32
		{C0214208-0EBD-462B-BC7D-97EBF6CF405C}.Release|x86.Build.0 = Release|Win32
		{90F0A665-0D79-4F63-8BD1-A5C9D89A66BD}.Debug|x64.ActiveCfg = Debug|x64
		{90F0A665-0D79-4F63-8BD1-A5C9D89A66BD}.Debug|x64.Build.0 = Debug|x64
		{90F0A665-0D79-4F63-8BD1-A5C9D89A66BD}.Debug|x86.ActiveCfg = Debug|Win32
		{90F0A665-0D79-4F63-8BD1-A5C9D89A66BD}.Debug|x86.Build.0 = Debug|Win32
		{90F0A665-0D79-4F63-8BD1-A5C9D89A66BD}.Release|x64.ActiveCfg = Release|x64
		{90F0A665-0D79-4F63-8BD1-A5C9D89A66BD}.Release|x64.Build.0 = Release|x64
		{90F0A665-0D79-4F63-8BD1-A5C9D89A66BD}.Release|x86.ActiveCfg = Release|Win32
		{90F0A665-0D79-4F63-8BD1-A5C9D89A66BD}.Release|x86.Build.0 = Release|Win32
		{583C431C-E97D-4806-AC4C-E4E0FD7CE78B}.Debug|x64.ActiveCfg = Debug|x64
		{583C431C-E97D-4806-AC4C-E4E0FD7CE78B}.Debug|x64.Build.0 = Debug|x64
		{583C431C-E97D-4806-AC4C-E4E0FD7CE78B}.Debug|x86.ActiveCfg = Debug|Win32
		{583C431C-E97D-4806-AC4C-E4E0FD7CE78B}.Debug|x86.Build.0 = Debug|Win32
		{583C431C-E97D-4806-AC4C-E4E0FD7CE78B}.Release|x64.ActiveCfg = Release|x64
		{583C431C-E97D-4806-AC4C-E4E0FD7CE78B}.Release|x64.Build.0 = Release|x64
		{583C431C-E97D-4806-AC4C-E4E0FD7CE78B}.Release|x86.ActiveCfg = Release|Win32
		{583C431C-E97D-4806-AC4C-E4E0FD7CE78B}.Release|x86.Build.0 = Release|Win32
		{8D1ABB4A-BE49-4AC9-BFD3-FA225EDBE697}.Debug|x64.ActiveCfg = Debug|x64
		{8D1ABB4A-BE49-4AC9-BFD3-FA225EDBE697}.Debug|x64.Build.0 = Debug|x64
		{8D1ABB4A-BE49-4AC9-BFD3-FA225EDBE697}.Debug|x86.ActiveCfg = Debug|Win32
		{8D1ABB4A-BE49-4AC9-BFD3-FA225EDBE697}.Debug|x86.Build.0 = Debug|Win32
		{8D1ABB4A-BE49-4AC9-BFD3-FA225EDBE697}.Release|x64.ActiveCfg = Release|x64
		{8D1ABB4A-BE49-4AC9-BFD3-FA225EDBE697}.Release|x64.Build.0 = Release|x64
		{8D1ABB4A-BE49-4AC9-BFD3-FA225EDBE697}.Release|x86.ActiveCfg = Release|Win32
		{8D1ABB4A-BE49-4AC9-BFD3-FA225EDBE697}.Release|x86.Build.0 = Release|Win32
		{428CD529-E628-4095-9732-AD4610341CE2}.Debug|x64.ActiveCfg = Debug|x64
		{428CD529-E628-4095-9732-AD4610341CE2}.Debug|x64.Build.0 = Debug|x64
		{428CD529-E628-4095-9732-AD4610341CE2}.Debug|x86.ActiveCfg = Debug|Win32
		{428CD529-E628-4095-9732-AD4610341CE2}.Debug|x86.Build.0 = Debug|Win32
		{428CD529-E628-4095-9732-AD4610341CE2}.Release|x64.ActiveCfg = Release|x64
		{428CD529-E628-4095-9732-AD4610341CE2}.Release|x64.Build.0 = Release|x64
		{428CD529-E628-4095-9732-AD4610341CE2}.Release|x86.ActiveCfg = Release|Win32
		{428CD529-E628-4095-9732-AD4610341CE2}.Release|x86.Build.0 = Release|Win32
		{5505E1B5-9091-43CC-80D0-DBE35D8E76E5}.Debug|x64.ActiveCfg = Debug|x64
		{5505E1B5-9091-43CC-80D0-DBE35D8E76E5}.Debug|x64.Build.0 = Debug|x64
		{5505E1B5-9091-43CC-80D0-DBE35D8E76E5}.Debug|x86.ActiveCfg = Debug|Win32
		{5505E1B5-9091-43CC-80D0-DBE35D8E76E5}.Debug|x86.Build.0 = Debug|Win32
		{5505E1B5-9091-43CC-80D0-DBE35D8E76E5}.Release|x64.ActiveCfg = Release|x64
		{5505E1B5-9091-43CC-80D0-DBE35D8E76E5}.Release|x64.Build.0 = Release|x64
		{5505E1B5-9091-43CC-80D0-DBE35D8E76E5}.Release|x86.ActiveCfg = Release|Win32
		{5505E1B5-9091-43CC-80D0-DBE35D8E76E5}.Release|x86.Build.0 = Release|Win32
		{75E4C1D4-FE7F-4A50-A5E4-E7B4207FFB1E}.Debug|x64.ActiveCfg = Debug|x64
		{75E4C1D4-FE7F-4A50-A5E4-E7B4207FFB1E}.Debug|x64.Build.0 = Debug|x64
		{75E4C1D4-FE7F-4A50-A5E4-E7B4207FFB1E}.Debug|x86.ActiveCfg = Debug|Win32
		{75E4C1D4-FE7F-4A50-A5E4-E7B4207FFB1E}.Debug|x86.Build.0 = Debug|Win32
		{75E4C1D4-FE7F-4A50-A5E4-E7B4207FFB1E}.Release|x64.ActiveCfg = Release|x64
		{75E4C1D4-FE7F-4A50-A5E4-E7B4207FFB1E}.Release|x64.Build.0 = Release|x64
		{75E4C1D4-FE7F-4A50-A5E4-E7B4207FFB1E}.Release|x86.ActiveCfg = Release|Win32
		{75E4C1D4-FE7F-4A50-A5E4-E7B4207FFB1E}.Release|x86.Build.0 = Release|Win32
		{4AA724A7-5B60-4683-BD9C-FA0B46F817A1}.Debug|x64.ActiveCfg = Debug|x64
		{4AA724A7-5B60-4683-BD9C-FA0B46F817A1}.Debug|x64.Build.0 = Debug|x64
		{4AA724A7-5B60-4683-BD9C-FA0B46F817A1}.Debug|x86.ActiveCfg = Debug|Win32
		{4AA724A7-5B60-4683-BD9C-FA0B46F817A1}.Debug|x86.Build.0 = Debug|Win32
		{4AA724A7-5B60-4683-BD9C-FA0B46F817A1}.Release|x64.ActiveCfg = Release|x64
		{4AA724A7-5B60-4683-BD9C-FA0B46F817A1}.Release|x64.Build.0 = Release|x64
		{4AA724A7-5B60-4683-BD9C-FA0B46F817A1}.Release|x86.ActiveCfg = Release|Win32
		{4AA724A7-5B60-4683-BD9C-FA0B46F817A1}.Release|x86.Build.0 = Release|Win32
		{0E5EE635-5487-4990-9021-C565E68F8781}.Debug|x64.ActiveCfg = Debug|x64
		{0E5EE635-5487-4990-9021-C565E68F8781}.Debug|x64.Build.0 = Debug|x64
		{0E5EE635-5487-4990-9021-C565E68F8781}.Debug|x86.ActiveCfg = Debug|Win32
		{0E5EE635-5487-4990-9021-C565E68F8781}.Debug|x86.Build.0 = Debug|Win32
		{0E5EE635-5487-4990-9021-C565E68F8781}.Release|x64.ActiveCfg = Release|x64
		{0E5EE635-5487-4990-9021-C565E68F8781}.Release|x64.Build.0 = Release|x64
		{0E5EE635-5487-4990-9021-C565E68F8781}.Release|x86.ActiveCfg = Release|Win32
		{0E5EE635-5487-4990-9021-C565E68F8781}.Release|x86.Build.0 = Release|Win32
		{5108EE9A-D48A-4C00-B8B4-1A4D7BB058DF}.Debug|x64.ActiveCfg = Debug|x64
		{5108EE9A-D48A-4C00-B8B4-1A4D7BB058DF}.Debug|x64.Build.0 = Debug|x64
		{5108EE9A-D48A-4C00-B8B4-1A4D7BB058DF}.Debug|x86.ActiveCfg = Debug|Win32
		{5108EE9A-D48A-4C00-B8B4-1A4D7BB058DF}.Debug|x86.Build.0 = Debug|Win32
		{5108EE9A-D48A-4C00-B8B4-1A4D7BB058DF}.Release|x64.ActiveCfg = Release|x64
		{5108EE9A-D48A-4C00-B8B4-1A4D7BB058DF}.Release|x64.Build.0 = Release|x64
		{5108EE9A-D48A-4C00-B8B4-1A4D7BB058DF}.Release|x86.ActiveCfg = Release|Win32
		{5108EE9A-D48A-4C00-B8B4-1A4D7BB058DF}.Release|x86.Build.0 = Release|Win32
		{FA3DA1E4-6CA7-496F-A193-A8BAA0B1D8FE}.Debug|x64.ActiveCfg = Debug|x64
		{FA3DA1E4-6CA7-496F-A193-A8BAA0B1D8FE}.Debug|x64.Build.0 = Debug|x64
		{FA3DA1E4-6CA7-496F-A193-A8BAA0B1D8FE}.Debug|x86.ActiveCfg = Debug|Win32
		{FA3DA1E4-6CA7-496F-A193-A8BAA0B1D8FE}.Debug|x86.Build.0 = Debug|Win32
		{FA3DA1E4-6CA7-496F-A193-A8BAA0B1D8FE}.Release|x64.ActiveCfg = Release|x64
		{FA3DA1E4-6CA7-496F-A193-A8BAA0B1D8FE}.Release|x64.Build.0 = Release|x64
		{FA3DA1E4-6CA7-496F-A193-A8BAA0B1D8FE}.Release|x86.ActiveCfg = Release|Win32
		{FA3DA1E4-6CA7-496F-A193-A8BAA0B1D8FE}.Release|x86.Build.0 = Release|Win32
		{EDBDE2B4-9142-4E2D-99CC-8ED57EA780F3}.Debug|x64.ActiveCfg = Debug|x64
		{EDBDE2B4-9142-4E2D-99CC-8ED57EA780F3}.Debug|x64.Build.0 = Debug|x64
		{EDBDE2B4-9142-4E2D-99CC-8ED57EA780F3}.Debug|x86.ActiveCfg = Debug|Win32
		{EDBDE2B4-9142-4E2D-99CC-8ED57EA780F3}.Debug|x86.Build.0 = Debug|Win32
		{EDBDE2B4-9142-4E2D-99CC-8ED57EA780F3}.Release|x64.ActiveCfg = Release|x64
		{EDBDE2B4-9142-4E2D-99CC-8ED57EA780F3}.Release|x64.Build.0 = Release|x64
		{EDBDE2B4-9142-4E2D-99CC-8ED57EA780F3}.Release|x86.ActiveCfg = Release|Win32
		{EDBDE2B4-9142-4E2D-99CC-8ED57EA780F3}.Release|x86.Build.0 = Release|Win32
		{2C5FD52E-1557-4607-B4A0-06B02C887A94}.Debug|x64.ActiveCfg = Debug|x64
		{2C5FD52E-1557-4607-B4A0-06B02C887A94}.Debug|x64.Build.0 = Debug|x64
		{2C5FD52E-1557-4607-B4A0-06B02C887A94}.Debug|x86.ActiveCfg = Debug|Win32
		{2C5FD52E-1557-4607-B4A0-06B02C887A94}.Debug|x86.Build.0 = Debug|Win32
		{2C5FD52E-1557-4607-B4A0-06B02C887A94}.Release|x64.ActiveCfg = Release|x64
		{2C5FD52E-1557-4607-B4A0-06B02C887A94}.Release|x64.Build.0 = Release|x64
		{2C5FD52E-1557-4607-B4A0-06B02C887A94}.Release|x86.ActiveCfg = Release|Win32
		{2C5FD52E-1557-4607-B4A0-06B02C887A94}.Release|x86.Build.0 = Release|Win32
		{7562C518-D9BE-4743-A8B8-76D11750F0CE}.Debug|x64.ActiveCfg = Debug|x64
		{7562C518-D9BE-4743-A8B8-76D11750F0CE}.Debug|x64.Build.0 = Debug|x64
		{7562C518-D9BE-4743-A8B8-76D11750F0CE}.Debug|x86.ActiveCfg = Debug|Win32
		{7562C518-D9BE-4743-A8B8-76D11750F0CE}.Debug|x86.Build.0 = Debug|Win32
		{7562C518-D9BE-4743-A8B8-76D11750F0CE}.Release|x64.ActiveCfg = Release|x64
		{7562C518-D9BE-4743-A8B8-76D11750F0CE}.Release|x64.Build.0 = Release|x64
		{7562C518-D9BE-4743-A8B8-76D11750F0CE}.Release|x86.ActiveCfg = Release|Win32
		{7562C518-D9BE-4743-A8B8-76D11750F0CE}.Release|x86.Build.0 = Release|Win32
		{07CAA13B-3BA9-4BA3-8F4A-CB7EC560E80A}.Debug|x64.ActiveCfg = Debug|x64
		{07CAA13B-3BA9-4BA3-8F4A-CB7EC560E80A}.Debug|x64.Build.0 = Debug|x64
		{07CAA13B-3BA9-4BA3-8F4A-CB7EC560E80A}.Debug|x86.ActiveCfg = Debug|Win32
		{07CAA13B-3BA9-4BA3-8F4A-CB7EC560E80A}.Debug|x86.Build.0 = Debug|Win32
		{07CAA13B-3BA9-4BA3-8F4A-CB7EC560E80A}.Release|x64.ActiveCfg = Release|x64
		{07CAA13B-3BA9-4BA3-8F4A-CB7EC560E80A}.Release|x64.Build.0 = Release|x64
		{07CAA13B-3BA9-4BA3-8F4A-CB7EC560E80A}.Release|x86.ActiveCfg = Release|Win32
		{07CAA13B-3BA9-4BA3-8F4A-CB7EC560E80A}.Release|x86.Build.0 = Release|Win32
		{E1A9E40D-A8C5-4BD1-A5B8-6F5320E61387}.Debug|x64.ActiveCfg = Debug|x64
		{E1A9E40D-A8C5-4BD1-A5B8-6F5320E61387}.Debug|x64.Build.0 = Debug|x64
		{E1A9E40D-A8C5-4BD1-A5B8-6F5320E61387}.Debug|x86.ActiveCfg = Debug|Win32
		{E1A9E40D-A8C5-4BD1-A5B8-6F5320E61387}.Debug|x86.Build.0 = Debug|Win32
		{E1A9E40D-A8C5-4BD1-A5B8-6F5320E61387}.Release|x64.ActiveCfg = Release|x64
		{E1A9E40D-A8C5-4BD1-A5B8-6F5320E61387}.Release|x64.Build.0 = Release|x64
		{E1A9E40D-A8C5-4BD1-A5B8-6F5320E61387}.Release|x86.ActiveCfg = Release|Win32
		{E1A9E40D-A8C5-4BD1-A5B8-6F5320E61387}.Release|x86.Build.0 = Release|Win32
		{2C5FAB6A-8F06-4A76-B67F-91D72203DFBE}.Debug|x64.ActiveCfg = Debug|x64
		{2C5FAB6A-8F06-4A76-B67F-91D72203DFBE}.Debug|x64.Build.0 = Debug|x64
		{2C5FAB6A-8F06-4A76-B67F-91D72203DFBE}.Debug|x86.ActiveCfg = Debug|Win32
		{2C5FAB6A-8F06-4A76-B67F-91D72203DFBE}.Debug|x86.Build.0 = Debug|Win32
		{2C5FAB6A-8F06-4A76-B67F-91D72203DFBE}.Release|x64.ActiveCfg = Release|x64
		{2C5FAB6A-8F06-4A76-B67F-91D72203DFBE}.Release|x64.Build.0 = Release|x64
		{2C5FAB6A-8F06-4A76-B67F-91D72203DFBE}.Release|x86.ActiveCfg = Release|Win32
		{2C5FAB6A-8F06-4A76-B67F-91D72203DFBE}.Release|x86.Build.0 = Release|Win32
		{7A9A2A9B-75A0-498D-83F9-18E6E2DD1AAC}.Debug|x64.ActiveCfg = Debug|x64
		{7A9A2A9B-75A0-498D-83F9-18E6E2DD1AAC}.Debug|x64.Build.0 = Debug|x64
		{7A9A2A9B-75A0-498D-83F9-18E6E2DD1AAC}.Debug|x86.ActiveCfg = Debug|Win32
		{7A9A2A9B-75A0-498D-83F9-18E6E2DD1AAC}.Debug|x86.Build.0 = Debug|Win32
		{7A9A2A9B-75A0-498D-83F9-18E6E2DD1AAC}.Release|x64.ActiveCfg = Release|x64
		{7A9A2A9B-75A0-498D-83F9-18E6E2DD1AAC}.Release|x64.Build.0 = Release|x64
		{7A9A2A9B-75A0-498D-83F9-18E6E2DD1AAC}.Release|x86.ActiveCfg = Release|Win32
		{7A9A2A9B-75A0-498D-83F9-18E6E2DD1AAC}.Release|x86.Build.0 = Release|Win32
		{F6BA4CD4-C4A6-4827-9688-2E1B74D76D43}.Debug|x64.ActiveCfg = Debug|x64
		{F6BA4CD4-C4A6-4827-9688-2E1B74D76D43}.Debug|x64.Build.0 = Debug|x64
		{F6BA4CD4-C4A6-4827-9688-2E1B74D76D43}.Debug|x86.ActiveCfg = Debug|Win32
		{F6BA4CD4-C4A6-4827-9688-2E1B74D76D43}.Debug|x86.Build.0 = Debug|Win32
		{F6BA4CD4-C4A6-4827-9688-2E1B74D76D43}.Release|x64.ActiveCfg = Release|x64
		{F6BA4CD4-C4A6-4827-9688-2E1B74D76D43}.Release|x64.Build.0 = Release|x64
		{F6BA4CD4-C4A6-4827-9688-2E1B74D76D43}.Release|x86.ActiveCfg = Release|Win32
		{F6BA4CD4-C4A6-4827-9688-2E1B74D76D43}.Release|x86.Build.0 = Release|Win32
		{F0560D35-FDD5-46A8-B4D3-CD6F68D2B4BF}.Debug|x64.ActiveCfg = Debug|x64
		{F0560D35-FDD5-46A8-B4D3-CD6F68D2B4BF}.Debug|x64.Build.0 = Debug|x64
		{F0560D35-FDD5-46A8-B4D3-CD6F68D2B4BF}.Debug|x86.ActiveCfg = Debug|Win32
		{F0560D35-FDD5-46A8-B4D3-CD6F68D2B4BF}.Debug|x86.Build.0 = Debug|Win32
		{F0560D35-FDD5-46A8-B4D3-CD6F68D2B4BF}.Release|x64.ActiveCfg = Release|x64
		{F0560D35-FDD5-46A8-B4D3-CD6F68D2B4BF}.Release|x64.Build.0 = Release|x64
		{F0560D35-FDD5-46A8-B4D3-CD6F68D2B4BF}.Release|x86.ActiveCfg = Release|Win32
		{F0560D35-FDD5-46A8-B4D3-CD6F68D2B4BF}.Release|x86.Build.0 = Release|Win32
		{4B43B254-8B6E-4B90-920D-777576AE18E6}.Debug|x64.ActiveCfg = Debug|x64
		{4B43B254-8B6E-4B90-920D-777576AE18E6}.Debug|x64.Build.0 = Debug|x64
		{4B43B254-8B6E-4B90-920D-777576AE18E6}.Debug|x86.ActiveCfg = Debug|Win32
		{4B43B254-8B6E-4B90-920D-777576AE18E6}.Debug|x86.Build.0 = Debug|Win32
		{4B43B254-8B6E-4B90-920D-777576AE18E6}.Release|x64.ActiveCfg = Release|x64
		{4B43B254-8B6E-4B90-920D-777576AE18E6}.Release|x64.Build.0 = Release|x64
		{4B43B254-8B6E-4B90-920D-777576AE18E6}.Release|x86.ActiveCfg = Release|Win32
		{4B43B254-8B6E-4B90-920D-777576AE18E6}.Release|x86.Build.0 = Release|Win32
	EndGlobalSection
	GlobalSection(SolutionProperties) = preSolution
		HideSolutionNode = FALSE
	EndGlobalSection
	GlobalSection(ExtensibilityGlobals) = postSolution
		SolutionGuid = {668FA0A7-A210-49F7-A4C4-2E80F6C560C9}
	EndGlobalSection
EndGlobal
