
Microsoft Visual Studio Solution File, Format Version 12.00
# Visual Studio Version 16
VisualStudioVersion = 16.0.32228.343
MinimumVisualStudioVersion = 10.0.40219.1
Project("{8BC9CEB8-8B4A-11D0-8D11-00A0C91BC942}") = "Puntos", "Puntos\Puntos.vcxproj", "{BD94C96E-3356-4925-AD34-3E726B75B341}"
EndProject
Project("{8BC9CEB8-8B4A-11D0-8D11-00A0C91BC942}") = "EjercicioDaniela", "EjercicioDaniela\EjercicioDaniela.vcxproj", "{0F5BDD24-DE31-4DC8-AF6B-066B1815634B}"
EndProject
Global
	GlobalSection(SolutionConfigurationPlatforms) = preSolution
		Debug|x64 = Debug|x64
		Debug|x86 = Debug|x86
		Release|x64 = Release|x64
		Release|x86 = Release|x86
	EndGlobalSection
	GlobalSection(ProjectConfigurationPlatforms) = postSolution
		{BD94C96E-3356-4925-AD34-3E726B75B341}.Debug|x64.ActiveCfg = Debug|x64
		{BD94C96E-3356-4925-AD34-3E726B75B341}.Debug|x64.Build.0 = Debug|x64
		{BD94C96E-3356-4925-AD34-3E726B75B341}.Debug|x86.ActiveCfg = Debug|Win32
		{BD94C96E-3356-4925-AD34-3E726B75B341}.Debug|x86.Build.0 = Debug|Win32
		{BD94C96E-3356-4925-AD34-3E726B75B341}.Release|x64.ActiveCfg = Release|x64
		{BD94C96E-3356-4925-AD34-3E726B75B341}.Release|x64.Build.0 = Release|x64
		{BD94C96E-3356-4925-AD34-3E726B75B341}.Release|x86.ActiveCfg = Release|Win32
		{BD94C96E-3356-4925-AD34-3E726B75B341}.Release|x86.Build.0 = Release|Win32
		{0F5BDD24-DE31-4DC8-AF6B-066B1815634B}.Debug|x64.ActiveCfg = Debug|x64
		{0F5BDD24-DE31-4DC8-AF6B-066B1815634B}.Debug|x64.Build.0 = Debug|x64
		{0F5BDD24-DE31-4DC8-AF6B-066B1815634B}.Debug|x86.ActiveCfg = Debug|Win32
		{0F5BDD24-DE31-4DC8-AF6B-066B1815634B}.Debug|x86.Build.0 = Debug|Win32
		{0F5BDD24-DE31-4DC8-AF6B-066B1815634B}.Release|x64.ActiveCfg = Release|x64
		{0F5BDD24-DE31-4DC8-AF6B-066B1815634B}.Release|x64.Build.0 = Release|x64
		{0F5BDD24-DE31-4DC8-AF6B-066B1815634B}.Release|x86.ActiveCfg = Release|Win32
		{0F5BDD24-DE31-4DC8-AF6B-066B1815634B}.Release|x86.Build.0 = Release|Win32
	EndGlobalSection
	GlobalSection(SolutionProperties) = preSolution
		HideSolutionNode = FALSE
	EndGlobalSection
	GlobalSection(ExtensibilityGlobals) = postSolution
		SolutionGuid = {7784C2F0-8DDD-4804-B631-1A0118481346}
	EndGlobalSection
EndGlobal
